
Microsoft Visual Studio Solution File, Format Version 12.00
# Visual Studio 15
Project("{FAE04EC0-301F-11D3-BF4B-00C04F79EFBC}") = "Svg2EmfServer", "Svg2EmfServer.csproj", "{43BD90E8-ED99-473F-B337-5B33FD41D99F}"
EndProject
Global
	GlobalSection(SolutionConfigurationPlatforms) = preSolution
		Debug|Any CPU = Debug|Any CPU
		Release|Any CPU = Release|Any CPU
	EndGlobalSection
	GlobalSection(ProjectConfigurationPlatforms) = postSolution
		{43BD90E8-ED99-473F-B337-5B33FD41D99F}.Debug|Any CPU.ActiveCfg = Debug|Any CPU
		{43BD90E8-ED99-473F-B337-5B33FD41D99F}.Debug|Any CPU.Build.0 = Debug|Any CPU
		{43BD90E8-ED99-473F-B337-5B33FD41D99F}.Release|Any CPU.ActiveCfg = Release|Any CPU
		{43BD90E8-ED99-473F-B337-5B33FD41D99F}.Release|Any CPU.Build.0 = Release|Any CPU
	EndGlobalSection
EndGlobal
